{
  "name": "blueimp-md5",
  "version": "1.0.0",
  "lockfileVersion": 1,
  "requires": true,
  "dependencies": {
    "@vant/weapp": {
      "version": "1.10.2",
      "resolved": "https://registry.npmjs.org/@vant/weapp/-/weapp-1.10.2.tgz",
      "integrity": "sha512-caqA0xQxM4lMRncFsRPPVMDdEzUBCJ4xdFXuKReXpEU3qwnVIP/WIjVDIi7mWyS7xqz8C9WfSW5JL4PrlSq31w=="
    },
    "base64-js": {
      "version": "1.5.1",
      "resolved": "https://registry.npmjs.org/base64-js/-/base64-js-1.5.1.tgz",
      "integrity": "sha512-AKpaYlHn8t4SVbOHCy+b5+KKgvR4vrsD8vbvrbiQJps7fKDTkjkDry6ji0rUJjC0kzbNePLwzxq8iypo41qeWA=="
    },
    "cryptojs": {
      "version": "2.5.3",
      "resolved": "https://registry.npmjs.org/cryptojs/-/cryptojs-2.5.3.tgz",
      "integrity": "sha1-kJVH7PFbrEVuJ1RZs58u9F1/y7k="
    },
    "gm-crypt": {
      "version": "0.0.2",
      "resolved": "https://registry.npmjs.org/gm-crypt/-/gm-crypt-0.0.2.tgz",
      "integrity": "sha512-eg3EaPQYCwWI7UNMvV4ReHD4rR1mtegDDyK80nr49FKw3PgyvVCZ44wIeqA88ITvjIVC3mT/8ZZG0qvH701LzA==",
      "requires": {
        "base64-js": "^1.3.0"
      }
    },
    "jsbn": {
      "version": "1.1.0",
      "resolved": "https://registry.npmjs.org/jsbn/-/jsbn-1.1.0.tgz",
      "integrity": "sha1-sBMHyym2GKHtJux56RH4A8TaAEA="
    },
    "miniprogram-sm-crypto": {
      "version": "0.3.6",
      "resolved": "https://registry.npmjs.org/miniprogram-sm-crypto/-/miniprogram-sm-crypto-0.3.6.tgz",
      "integrity": "sha512-WrR0Opqhc5vNxM/LtlAwSKzfBpf2/rrdKAgHfIHGWBILIByNGQJ0IZl6Q4zUm4+qpFinkwr8CHctRVsenD5ZFg==",
      "requires": {
        "jsbn": "^1.1.0"
      }
    },
    "miniprogram-table-component": {
      "version": "1.1.0",
      "resolved": "https://registry.npmjs.org/miniprogram-table-component/-/miniprogram-table-component-1.1.0.tgz",
      "integrity": "sha512-TRgo+2ouPqPI42EcXUM/5BndZAueWtk0v2tDmImujYPtmFWiQT/lmgL9TgUFWowfoFM5HsKrLqagIrMKXj9bRw=="
    }
  }
}
